
Microsoft Visual Studio Solution File, Format Version 12.00
# Visual Studio 15
VisualStudioVersion = 15.0.27428.2005
MinimumVisualStudioVersion = 10.0.40219.1
Project("{FAE04EC0-301F-11D3-BF4B-00C04F79EFBC}") = "DemoAdMob.Android", "DemoAdMob\DemoAdMob.Android\DemoAdMob.Android.csproj", "{CFD15ED1-472C-45DA-A40C-3130C8B4E6FE}"
EndProject
Project("{FAE04EC0-301F-11D3-BF4B-00C04F79EFBC}") = "DemoAdMob.iOS", "DemoAdMob\DemoAdMob.iOS\DemoAdMob.iOS.csproj", "{692F9E94-50A3-4E51-BD04-460F7DBDDF2D}"
EndProject
Project("{FAE04EC0-301F-11D3-BF4B-00C04F79EFBC}") = "DemoAdMob", "DemoAdMob\DemoAdMob\DemoAdMob.csproj", "{57F09F28-33A2-43D0-AB57-6E7D16191928}"
EndProject
Global
	GlobalSection(SolutionConfigurationPlatforms) = preSolution
		Ad-Hoc|Any CPU = Ad-Hoc|Any CPU
		Ad-Hoc|iPhone = Ad-Hoc|iPhone
		Ad-Hoc|iPhoneSimulator = Ad-Hoc|iPhoneSimulator
		AppStore|Any CPU = AppStore|Any CPU
		AppStore|iPhone = AppStore|iPhone
		AppStore|iPhoneSimulator = AppStore|iPhoneSimulator
		Debug|Any CPU = Debug|Any CPU
		Debug|iPhone = Debug|iPhone
		Debug|iPhoneSimulator = Debug|iPhoneSimulator
		Release|Any CPU = Release|Any CPU
		Release|iPhone = Release|iPhone
		Release|iPhoneSimulator = Release|iPhoneSimulator
	EndGlobalSection
	GlobalSection(ProjectConfigurationPlatforms) = postSolution
		{CFD15ED1-472C-45DA-A40C-3130C8B4E6FE}.Ad-Hoc|Any CPU.ActiveCfg = Release|Any CPU
		{CFD15ED1-472C-45DA-A40C-3130C8B4E6FE}.Ad-Hoc|Any CPU.Build.0 = Release|Any CPU
		{CFD15ED1-472C-45DA-A40C-3130C8B4E6FE}.Ad-Hoc|Any CPU.Deploy.0 = Release|Any CPU
		{CFD15ED1-472C-45DA-A40C-3130C8B4E6FE}.Ad-Hoc|iPhone.ActiveCfg = Release|Any CPU
		{CFD15ED1-472C-45DA-A40C-3130C8B4E6FE}.Ad-Hoc|iPhone.Build.0 = Release|Any CPU
		{CFD15ED1-472C-45DA-A40C-3130C8B4E6FE}.Ad-Hoc|iPhone.Deploy.0 = Release|Any CPU
		{CFD15ED1-472C-45DA-A40C-3130C8B4E6FE}.Ad-Hoc|iPhoneSimulator.ActiveCfg = Release|Any CPU
		{CFD15ED1-472C-45DA-A40C-3130C8B4E6FE}.Ad-Hoc|iPhoneSimulator.Build.0 = Release|Any CPU
		{CFD15ED1-472C-45DA-A40C-3130C8B4E6FE}.Ad-Hoc|iPhoneSimulator.Deploy.0 = Release|Any CPU
		{CFD15ED1-472C-45DA-A40C-3130C8B4E6FE}.AppStore|Any CPU.ActiveCfg = Release|Any CPU
		{CFD15ED1-472C-45DA-A40C-3130C8B4E6FE}.AppStore|Any CPU.Build.0 = Release|Any CPU
		{CFD15ED1-472C-45DA-A40C-3130C8B4E6FE}.AppStore|Any CPU.Deploy.0 = Release|Any CPU
		{CFD15ED1-472C-45DA-A40C-3130C8B4E6FE}.AppStore|iPhone.ActiveCfg = Release|Any CPU
		{CFD15ED1-472C-45DA-A40C-3130C8B4E6FE}.AppStore|iPhone.Build.0 = Release|Any CPU
		{CFD15ED1-472C-45DA-A40C-3130C8B4E6FE}.AppStore|iPhone.Deploy.0 = Release|Any CPU
		{CFD15ED1-472C-45DA-A40C-3130C8B4E6FE}.AppStore|iPhoneSimulator.ActiveCfg = Release|Any CPU
		{CFD15ED1-472C-45DA-A40C-3130C8B4E6FE}.AppStore|iPhoneSimulator.Build.0 = Release|Any CPU
		{CFD15ED1-472C-45DA-A40C-3130C8B4E6FE}.AppStore|iPhoneSimulator.Deploy.0 = Release|Any CPU
		{CFD15ED1-472C-45DA-A40C-3130C8B4E6FE}.Debug|Any CPU.ActiveCfg = Debug|Any CPU
		{CFD15ED1-472C-45DA-A40C-3130C8B4E6FE}.Debug|Any CPU.Build.0 = Debug|Any CPU
		{CFD15ED1-472C-45DA-A40C-3130C8B4E6FE}.Debug|Any CPU.Deploy.0 = Debug|Any CPU
		{CFD15ED1-472C-45DA-A40C-3130C8B4E6FE}.Debug|iPhone.ActiveCfg = Debug|Any CPU
		{CFD15ED1-472C-45DA-A40C-3130C8B4E6FE}.Debug|iPhone.Build.0 = Debug|Any CPU
		{CFD15ED1-472C-45DA-A40C-3130C8B4E6FE}.Debug|iPhone.Deploy.0 = Debug|Any CPU
		{CFD15ED1-472C-45DA-A40C-3130C8B4E6FE}.Debug|iPhoneSimulator.ActiveCfg = Debug|Any CPU
		{CFD15ED1-472C-45DA-A40C-3130C8B4E6FE}.Debug|iPhoneSimulator.Build.0 = Debug|Any CPU
		{CFD15ED1-472C-45DA-A40C-3130C8B4E6FE}.Debug|iPhoneSimulator.Deploy.0 = Debug|Any CPU
		{CFD15ED1-472C-45DA-A40C-3130C8B4E6FE}.Release|Any CPU.ActiveCfg = Release|Any CPU
		{CFD15ED1-472C-45DA-A40C-3130C8B4E6FE}.Release|Any CPU.Build.0 = Release|Any CPU
		{CFD15ED1-472C-45DA-A40C-3130C8B4E6FE}.Release|Any CPU.Deploy.0 = Release|Any CPU
		{CFD15ED1-472C-45DA-A40C-3130C8B4E6FE}.Release|iPhone.ActiveCfg = Release|Any CPU
		{CFD15ED1-472C-45DA-A40C-3130C8B4E6FE}.Release|iPhone.Build.0 = Release|Any CPU
		{CFD15ED1-472C-45DA-A40C-3130C8B4E6FE}.Release|iPhone.Deploy.0 = Release|Any CPU
		{CFD15ED1-472C-45DA-A40C-3130C8B4E6FE}.Release|iPhoneSimulator.ActiveCfg = Release|Any CPU
		{CFD15ED1-472C-45DA-A40C-3130C8B4E6FE}.Release|iPhoneSimulator.Build.0 = Release|Any CPU
		{CFD15ED1-472C-45DA-A40C-3130C8B4E6FE}.Release|iPhoneSimulator.Deploy.0 = Release|Any CPU
		{692F9E94-50A3-4E51-BD04-460F7DBDDF2D}.Ad-Hoc|Any CPU.ActiveCfg = Ad-Hoc|iPhone
		{692F9E94-50A3-4E51-BD04-460F7DBDDF2D}.Ad-Hoc|iPhone.ActiveCfg = Ad-Hoc|iPhone
		{692F9E94-50A3-4E51-BD04-460F7DBDDF2D}.Ad-Hoc|iPhone.Build.0 = Ad-Hoc|iPhone
		{692F9E94-50A3-4E51-BD04-460F7DBDDF2D}.Ad-Hoc|iPhoneSimulator.ActiveCfg = Ad-Hoc|iPhoneSimulator
		{692F9E94-50A3-4E51-BD04-460F7DBDDF2D}.Ad-Hoc|iPhoneSimulator.Build.0 = Ad-Hoc|iPhoneSimulator
		{692F9E94-50A3-4E51-BD04-460F7DBDDF2D}.AppStore|Any CPU.ActiveCfg = AppStore|iPhone
		{692F9E94-50A3-4E51-BD04-460F7DBDDF2D}.AppStore|iPhone.ActiveCfg = AppStore|iPhone
		{692F9E94-50A3-4E51-BD04-460F7DBDDF2D}.AppStore|iPhone.Build.0 = AppStore|iPhone
		{692F9E94-50A3-4E51-BD04-460F7DBDDF2D}.AppStore|iPhoneSimulator.ActiveCfg = AppStore|iPhoneSimulator
		{692F9E94-50A3-4E51-BD04-460F7DBDDF2D}.AppStore|iPhoneSimulator.Build.0 = AppStore|iPhoneSimulator
		{692F9E94-50A3-4E51-BD04-460F7DBDDF2D}.Debug|Any CPU.ActiveCfg = Debug|iPhone
		{692F9E94-50A3-4E51-BD04-460F7DBDDF2D}.Debug|iPhone.ActiveCfg = Debug|iPhone
		{692F9E94-50A3-4E51-BD04-460F7DBDDF2D}.Debug|iPhone.Build.0 = Debug|iPhone
		{692F9E94-50A3-4E51-BD04-460F7DBDDF2D}.Debug|iPhoneSimulator.ActiveCfg = Debug|iPhoneSimulator
		{692F9E94-50A3-4E51-BD04-460F7DBDDF2D}.Debug|iPhoneSimulator.Build.0 = Debug|iPhoneSimulator
		{692F9E94-50A3-4E51-BD04-460F7DBDDF2D}.Release|Any CPU.ActiveCfg = Release|iPhone
		{692F9E94-50A3-4E51-BD04-460F7DBDDF2D}.Release|iPhone.ActiveCfg = Release|iPhone
		{692F9E94-50A3-4E51-BD04-460F7DBDDF2D}.Release|iPhone.Build.0 = Release|iPhone
		{692F9E94-50A3-4E51-BD04-460F7DBDDF2D}.Release|iPhoneSimulator.ActiveCfg = Release|iPhoneSimulator
		{692F9E94-50A3-4E51-BD04-460F7DBDDF2D}.Release|iPhoneSimulator.Build.0 = Release|iPhoneSimulator
		{57F09F28-33A2-43D0-AB57-6E7D16191928}.Ad-Hoc|Any CPU.ActiveCfg = Debug|Any CPU
		{57F09F28-33A2-43D0-AB57-6E7D16191928}.Ad-Hoc|Any CPU.Build.0 = Debug|Any CPU
		{57F09F28-33A2-43D0-AB57-6E7D16191928}.Ad-Hoc|iPhone.ActiveCfg = Debug|Any CPU
		{57F09F28-33A2-43D0-AB57-6E7D16191928}.Ad-Hoc|iPhone.Build.0 = Debug|Any CPU
		{57F09F28-33A2-43D0-AB57-6E7D16191928}.Ad-Hoc|iPhoneSimulator.ActiveCfg = Debug|Any CPU
		{57F09F28-33A2-43D0-AB57-6E7D16191928}.Ad-Hoc|iPhoneSimulator.Build.0 = Debug|Any CPU
		{57F09F28-33A2-43D0-AB57-6E7D16191928}.AppStore|Any CPU.ActiveCfg = Debug|Any CPU
		{57F09F28-33A2-43D0-AB57-6E7D16191928}.AppStore|Any CPU.Build.0 = Debug|Any CPU
		{57F09F28-33A2-43D0-AB57-6E7D16191928}.AppStore|iPhone.ActiveCfg = Debug|Any CPU
		{57F09F28-33A2-43D0-AB57-6E7D16191928}.AppStore|iPhone.Build.0 = Debug|Any CPU
		{57F09F28-33A2-43D0-AB57-6E7D16191928}.AppStore|iPhoneSimulator.ActiveCfg = Debug|Any CPU
		{57F09F28-33A2-43D0-AB57-6E7D16191928}.AppStore|iPhoneSimulator.Build.0 = Debug|Any CPU
		{57F09F28-33A2-43D0-AB57-6E7D16191928}.Debug|Any CPU.ActiveCfg = Debug|Any CPU
		{57F09F28-33A2-43D0-AB57-6E7D16191928}.Debug|Any CPU.Build.0 = Debug|Any CPU
		{57F09F28-33A2-43D0-AB57-6E7D16191928}.Debug|iPhone.ActiveCfg = Debug|Any CPU
		{57F09F28-33A2-43D0-AB57-6E7D16191928}.Debug|iPhone.Build.0 = Debug|Any CPU
		{57F09F28-33A2-43D0-AB57-6E7D16191928}.Debug|iPhoneSimulator.ActiveCfg = Debug|Any CPU
		{57F09F28-33A2-43D0-AB57-6E7D16191928}.Debug|iPhoneSimulator.Build.0 = Debug|Any CPU
		{57F09F28-33A2-43D0-AB57-6E7D16191928}.Release|Any CPU.ActiveCfg = Release|Any CPU
		{57F09F28-33A2-43D0-AB57-6E7D16191928}.Release|Any CPU.Build.0 = Release|Any CPU
		{57F09F28-33A2-43D0-AB57-6E7D16191928}.Release|iPhone.ActiveCfg = Release|Any CPU
		{57F09F28-33A2-43D0-AB57-6E7D16191928}.Release|iPhone.Build.0 = Release|Any CPU
		{57F09F28-33A2-43D0-AB57-6E7D16191928}.Release|iPhoneSimulator.ActiveCfg = Release|Any CPU
		{57F09F28-33A2-43D0-AB57-6E7D16191928}.Release|iPhoneSimulator.Build.0 = Release|Any CPU
	EndGlobalSection
	GlobalSection(SolutionProperties) = preSolution
		HideSolutionNode = FALSE
	EndGlobalSection
	GlobalSection(ExtensibilityGlobals) = postSolution
		SolutionGuid = {10F08D04-8F4E-4829-B301-9DE25A86FA2F}
	EndGlobalSection
EndGlobal
